
Microsoft Visual Studio Solution File, Format Version 12.00
# Visual Studio Version 16
VisualStudioVersion = 16.0.30320.27
MinimumVisualStudioVersion = 10.0.40219.1
Project("{9A19103F-16F7-4668-BE54-9A1E7A4F7556}") = "Circurstrein", "Circurstrein\Circurstrein.csproj", "{4ADE59B0-53AF-43D7-818A-001B20BAAAC9}"
EndProject
Project("{9A19103F-16F7-4668-BE54-9A1E7A4F7556}") = "Logic", "Logic\Logic.csproj", "{F36C008F-7B53-41AE-9797-887E836DF670}"
EndProject
Project("{FAE04EC0-301F-11D3-BF4B-00C04F79EFBC}") = "CircustreinTests", "CircustreinTests\CircustreinTests.csproj", "{792EEC79-7ABF-42F3-8A4E-15F507A0751F}"
EndProject
Global
	GlobalSection(SolutionConfigurationPlatforms) = preSolution
		Debug|Any CPU = Debug|Any CPU
		Release|Any CPU = Release|Any CPU
	EndGlobalSection
	GlobalSection(ProjectConfigurationPlatforms) = postSolution
		{4ADE59B0-53AF-43D7-818A-001B20BAAAC9}.Debug|Any CPU.ActiveCfg = Debug|Any CPU
		{4ADE59B0-53AF-43D7-818A-001B20BAAAC9}.Debug|Any CPU.Build.0 = Debug|Any CPU
		{4ADE59B0-53AF-43D7-818A-001B20BAAAC9}.Release|Any CPU.ActiveCfg = Release|Any CPU
		{4ADE59B0-53AF-43D7-818A-001B20BAAAC9}.Release|Any CPU.Build.0 = Release|Any CPU
		{F36C008F-7B53-41AE-9797-887E836DF670}.Debug|Any CPU.ActiveCfg = Debug|Any CPU
		{F36C008F-7B53-41AE-9797-887E836DF670}.Debug|Any CPU.Build.0 = Debug|Any CPU
		{F36C008F-7B53-41AE-9797-887E836DF670}.Release|Any CPU.ActiveCfg = Release|Any CPU
		{F36C008F-7B53-41AE-9797-887E836DF670}.Release|Any CPU.Build.0 = Release|Any CPU
		{792EEC79-7ABF-42F3-8A4E-15F507A0751F}.Debug|Any CPU.ActiveCfg = Debug|Any CPU
		{792EEC79-7ABF-42F3-8A4E-15F507A0751F}.Debug|Any CPU.Build.0 = Debug|Any CPU
		{792EEC79-7ABF-42F3-8A4E-15F507A0751F}.Release|Any CPU.ActiveCfg = Release|Any CPU
		{792EEC79-7ABF-42F3-8A4E-15F507A0751F}.Release|Any CPU.Build.0 = Release|Any CPU
	EndGlobalSection
	GlobalSection(SolutionProperties) = preSolution
		HideSolutionNode = FALSE
	EndGlobalSection
	GlobalSection(ExtensibilityGlobals) = postSolution
		SolutionGuid = {3A702CDB-9751-4912-9E3C-EE969B40561F}
	EndGlobalSection
EndGlobal
